// !$*UTF8*$!
{
	archiveVersion = 1;
	classes = {
	};
	objectVersion = 46;
	objects = {

/* Begin PBXBuildFile section */
		2386A684FE1115B167E934A7 /* libPods-QTTableCollectionView.a in Frameworks */ = {isa = PBXBuildFile; fileRef = 61D37D8E9DE0F83FFFD93EE1 /* libPods-QTTableCollectionView.a */; };
		358089EF1E59741900121F45 /* QTTableViewController.m in Sources */ = {isa = PBXBuildFile; fileRef = 358089EE1E59741900121F45 /* QTTableViewController.m */; };
		35EDAAAB1E587A8500D02242 /* main.m in Sources */ = {isa = PBXBuildFile; fileRef = 35EDAAAA1E587A8500D02242 /* main.m */; };
		35EDAAAE1E587A8500D02242 /* AppDelegate.m in Sources */ = {isa = PBXBuildFile; fileRef = 35EDAAAD1E587A8500D02242 /* AppDelegate.m */; };
		35EDAAB61E587A8500D02242 /* Assets.xcassets in Resources */ = {isa = PBXBuildFile; fileRef = 35EDAAB51E587A8500D02242 /* Assets.xcassets */; };
		35EDAAB91E587A8500D02242 /* LaunchScreen.storyboard in Resources */ = {isa = PBXBuildFile; fileRef = 35EDAAB71E587A8500D02242 /* LaunchScreen.storyboard */; };
		35EDAAC41E587A8500D02242 /* QTTableCollectionViewTests.m in Sources */ = {isa = PBXBuildFile; fileRef = 35EDAAC31E587A8500D02242 /* QTTableCollectionViewTests.m */; };
		35EDAACF1E587A8500D02242 /* QTTableCollectionViewUITests.m in Sources */ = {isa = PBXBuildFile; fileRef = 35EDAACE1E587A8500D02242 /* QTTableCollectionViewUITests.m */; };
		35EDAAE11E58862600D02242 /* QTExploresCollectionViewCell.m in Sources */ = {isa = PBXBuildFile; fileRef = 35EDAAE01E58862600D02242 /* QTExploresCollectionViewCell.m */; };
		35EDAAE41E58864100D02242 /* QTBoardsCollectionViewCell.m in Sources */ = {isa = PBXBuildFile; fileRef = 35EDAAE31E58864100D02242 /* QTBoardsCollectionViewCell.m */; };
		35EDAAE71E58865500D02242 /* QTUsersCollectionViewCell.m in Sources */ = {isa = PBXBuildFile; fileRef = 35EDAAE61E58865500D02242 /* QTUsersCollectionViewCell.m */; };
		35EDAAF01E588A7B00D02242 /* QTExploreModel.m in Sources */ = {isa = PBXBuildFile; fileRef = 35EDAAEF1E588A7B00D02242 /* QTExploreModel.m */; };
		35EDAAF31E588A8F00D02242 /* QTUserModel.m in Sources */ = {isa = PBXBuildFile; fileRef = 35EDAAF21E588A8F00D02242 /* QTUserModel.m */; };
		35EDAAF61E588AE100D02242 /* QTCollectionView.m in Sources */ = {isa = PBXBuildFile; fileRef = 35EDAAF51E588AE100D02242 /* QTCollectionView.m */; };
		35EDAAF91E588E9B00D02242 /* QTTableViewCell.m in Sources */ = {isa = PBXBuildFile; fileRef = 35EDAAF81E588E9B00D02242 /* QTTableViewCell.m */; };
		35EDAAFC1E588EEF00D02242 /* QTBoardModel.m in Sources */ = {isa = PBXBuildFile; fileRef = 35EDAAFB1E588EEF00D02242 /* QTBoardModel.m */; };
/* End PBXBuildFile section */

/* Begin PBXContainerItemProxy section */
		35EDAAC01E587A8500D02242 /* PBXContainerItemProxy */ = {
			isa = PBXContainerItemProxy;
			containerPortal = 35EDAA9E1E587A8500D02242 /* Project object */;
			proxyType = 1;
			remoteGlobalIDString = 35EDAAA51E587A8500D02242;
			remoteInfo = QTTableCollectionView;
		};
		35EDAACB1E587A8500D02242 /* PBXContainerItemProxy */ = {
			isa = PBXContainerItemProxy;
			containerPortal = 35EDAA9E1E587A8500D02242 /* Project object */;
			proxyType = 1;
			remoteGlobalIDString = 35EDAAA51E587A8500D02242;
			remoteInfo = QTTableCollectionView;
		};
/* End PBXContainerItemProxy section */

/* Begin PBXFileReference section */
		358089ED1E59741900121F45 /* QTTableViewController.h */ = {isa = PBXFileReference; fileEncoding = 4; lastKnownFileType = sourcecode.c.h; path = QTTableViewController.h; sourceTree = "<group>"; };
		358089EE1E59741900121F45 /* QTTableViewController.m */ = {isa = PBXFileReference; fileEncoding = 4; lastKnownFileType = sourcecode.c.objc; path = QTTableViewController.m; sourceTree = "<group>"; };
		35EDAAA61E587A8500D02242 /* QTTableCollectionView.app */ = {isa = PBXFileReference; explicitFileType = wrapper.application; includeInIndex = 0; path = QTTableCollectionView.app; sourceTree = BUILT_PRODUCTS_DIR; };
		35EDAAAA1E587A8500D02242 /* main.m */ = {isa = PBXFileReference; lastKnownFileType = sourcecode.c.objc; path = main.m; sourceTree = "<group>"; };
		35EDAAAC1E587A8500D02242 /* AppDelegate.h */ = {isa = PBXFileReference; lastKnownFileType = sourcecode.c.h; path = AppDelegate.h; sourceTree = "<group>"; };
		35EDAAAD1E587A8500D02242 /* AppDelegate.m */ = {isa = PBXFileReference; lastKnownFileType = sourcecode.c.objc; path = AppDelegate.m; sourceTree = "<group>"; };
		35EDAAB51E587A8500D02242 /* Assets.xcassets */ = {isa = PBXFileReference; lastKnownFileType = folder.assetcatalog; path = Assets.xcassets; sourceTree = "<group>"; };
		35EDAAB81E587A8500D02242 /* Base */ = {isa = PBXFileReference; lastKnownFileType = file.storyboard; name = Base; path = Base.lproj/LaunchScreen.storyboard; sourceTree = "<group>"; };
		35EDAABA1E587A8500D02242 /* Info.plist */ = {isa = PBXFileReference; lastKnownFileType = text.plist.xml; path = Info.plist; sourceTree = "<group>"; };
		35EDAABF1E587A8500D02242 /* QTTableCollectionViewTests.xctest */ = {isa = PBXFileReference; explicitFileType = wrapper.cfbundle; includeInIndex = 0; path = QTTableCollectionViewTests.xctest; sourceTree = BUILT_PRODUCTS_DIR; };
		35EDAAC31E587A8500D02242 /* QTTableCollectionViewTests.m */ = {isa = PBXFileReference; lastKnownFileType = sourcecode.c.objc; path = QTTableCollectionViewTests.m; sourceTree = "<group>"; };
		35EDAAC51E587A8500D02242 /* Info.plist */ = {isa = PBXFileReference; lastKnownFileType = text.plist.xml; path = Info.plist; sourceTree = "<group>"; };
		35EDAACA1E587A8500D02242 /* QTTableCollectionViewUITests.xctest */ = {isa = PBXFileReference; explicitFileType = wrapper.cfbundle; includeInIndex = 0; path = QTTableCollectionViewUITests.xctest; sourceTree = BUILT_PRODUCTS_DIR; };
		35EDAACE1E587A8500D02242 /* QTTableCollectionViewUITests.m */ = {isa = PBXFileReference; lastKnownFileType = sourcecode.c.objc; path = QTTableCollectionViewUITests.m; sourceTree = "<group>"; };
		35EDAAD01E587A8500D02242 /* Info.plist */ = {isa = PBXFileReference; lastKnownFileType = text.plist.xml; path = Info.plist; sourceTree = "<group>"; };
		35EDAADF1E58862600D02242 /* QTExploresCollectionViewCell.h */ = {isa = PBXFileReference; fileEncoding = 4; lastKnownFileType = sourcecode.c.h; path = QTExploresCollectionViewCell.h; sourceTree = "<group>"; };
		35EDAAE01E58862600D02242 /* QTExploresCollectionViewCell.m */ = {isa = PBXFileReference; fileEncoding = 4; lastKnownFileType = sourcecode.c.objc; path = QTExploresCollectionViewCell.m; sourceTree = "<group>"; };
		35EDAAE21E58864100D02242 /* QTBoardsCollectionViewCell.h */ = {isa = PBXFileReference; fileEncoding = 4; lastKnownFileType = sourcecode.c.h; path = QTBoardsCollectionViewCell.h; sourceTree = "<group>"; };
		35EDAAE31E58864100D02242 /* QTBoardsCollectionViewCell.m */ = {isa = PBXFileReference; fileEncoding = 4; lastKnownFileType = sourcecode.c.objc; path = QTBoardsCollectionViewCell.m; sourceTree = "<group>"; };
		35EDAAE51E58865500D02242 /* QTUsersCollectionViewCell.h */ = {isa = PBXFileReference; fileEncoding = 4; lastKnownFileType = sourcecode.c.h; path = QTUsersCollectionViewCell.h; sourceTree = "<group>"; };
		35EDAAE61E58865500D02242 /* QTUsersCollectionViewCell.m */ = {isa = PBXFileReference; fileEncoding = 4; lastKnownFileType = sourcecode.c.objc; path = QTUsersCollectionViewCell.m; sourceTree = "<group>"; };
		35EDAAEE1E588A7B00D02242 /* QTExploreModel.h */ = {isa = PBXFileReference; fileEncoding = 4; lastKnownFileType = sourcecode.c.h; path = QTExploreModel.h; sourceTree = "<group>"; };
		35EDAAEF1E588A7B00D02242 /* QTExploreModel.m */ = {isa = PBXFileReference; fileEncoding = 4; lastKnownFileType = sourcecode.c.objc; path = QTExploreModel.m; sourceTree = "<group>"; };
		35EDAAF11E588A8F00D02242 /* QTUserModel.h */ = {isa = PBXFileReference; fileEncoding = 4; lastKnownFileType = sourcecode.c.h; path = QTUserModel.h; sourceTree = "<group>"; };
		35EDAAF21E588A8F00D02242 /* QTUserModel.m */ = {isa = PBXFileReference; fileEncoding = 4; lastKnownFileType = sourcecode.c.objc; path = QTUserModel.m; sourceTree = "<group>"; };
		35EDAAF41E588AE100D02242 /* QTCollectionView.h */ = {isa = PBXFileReference; fileEncoding = 4; lastKnownFileType = sourcecode.c.h; path = QTCollectionView.h; sourceTree = "<group>"; };
		35EDAAF51E588AE100D02242 /* QTCollectionView.m */ = {isa = PBXFileReference; fileEncoding = 4; lastKnownFileType = sourcecode.c.objc; path = QTCollectionView.m; sourceTree = "<group>"; };
		35EDAAF71E588E9B00D02242 /* QTTableViewCell.h */ = {isa = PBXFileReference; fileEncoding = 4; lastKnownFileType = sourcecode.c.h; path = QTTableViewCell.h; sourceTree = "<group>"; };
		35EDAAF81E588E9B00D02242 /* QTTableViewCell.m */ = {isa = PBXFileReference; fileEncoding = 4; lastKnownFileType = sourcecode.c.objc; path = QTTableViewCell.m; sourceTree = "<group>"; };
		35EDAAFA1E588EEF00D02242 /* QTBoardModel.h */ = {isa = PBXFileReference; fileEncoding = 4; lastKnownFileType = sourcecode.c.h; path = QTBoardModel.h; sourceTree = "<group>"; };
		35EDAAFB1E588EEF00D02242 /* QTBoardModel.m */ = {isa = PBXFileReference; fileEncoding = 4; lastKnownFileType = sourcecode.c.objc; path = QTBoardModel.m; sourceTree = "<group>"; };
		61D37D8E9DE0F83FFFD93EE1 /* libPods-QTTableCollectionView.a */ = {isa = PBXFileReference; explicitFileType = archive.ar; includeInIndex = 0; path = "libPods-QTTableCollectionView.a"; sourceTree = BUILT_PRODUCTS_DIR; };
		6B6B8DAC3EF3643911402FA7 /* Pods-QTTableCollectionView.debug.xcconfig */ = {isa = PBXFileReference; includeInIndex = 1; lastKnownFileType = text.xcconfig; name = "Pods-QTTableCollectionView.debug.xcconfig"; path = "Pods/Target Support Files/Pods-QTTableCollectionView/Pods-QTTableCollectionView.debug.xcconfig"; sourceTree = "<group>"; };
		77850E476AF6242AA6D1C06D /* Pods-QTTableCollectionView.release.xcconfig */ = {isa = PBXFileReference; includeInIndex = 1; lastKnownFileType = text.xcconfig; name = "Pods-QTTableCollectionView.release.xcconfig"; path = "Pods/Target Support Files/Pods-QTTableCollectionView/Pods-QTTableCollectionView.release.xcconfig"; sourceTree = "<group>"; };
/* End PBXFileReference section */

/* Begin PBXFrameworksBuildPhase section */
		35EDAAA31E587A8500D02242 /* Frameworks */ = {
			isa = PBXFrameworksBuildPhase;
			buildActionMask = 2147483647;
			files = (
				2386A684FE1115B167E934A7 /* libPods-QTTableCollectionView.a in Frameworks */,
			);
			runOnlyForDeploymentPostprocessing = 0;
		};
		35EDAABC1E587A8500D02242 /* Frameworks */ = {
			isa = PBXFrameworksBuildPhase;
			buildActionMask = 2147483647;
			files = (
			);
			runOnlyForDeploymentPostprocessing = 0;
		};
		35EDAAC71E587A8500D02242 /* Frameworks */ = {
			isa = PBXFrameworksBuildPhase;
			buildActionMask = 2147483647;
			files = (
			);
			runOnlyForDeploymentPostprocessing = 0;
		};
/* End PBXFrameworksBuildPhase section */

/* Begin PBXGroup section */
		358089EA1E595EE300121F45 /* Model */ = {
			isa = PBXGroup;
			children = (
				35EDAAEE1E588A7B00D02242 /* QTExploreModel.h */,
				35EDAAEF1E588A7B00D02242 /* QTExploreModel.m */,
				35EDAAFA1E588EEF00D02242 /* QTBoardModel.h */,
				35EDAAFB1E588EEF00D02242 /* QTBoardModel.m */,
				35EDAAF11E588A8F00D02242 /* QTUserModel.h */,
				35EDAAF21E588A8F00D02242 /* QTUserModel.m */,
			);
			name = Model;
			sourceTree = "<group>";
		};
		358089EB1E595F0F00121F45 /* View */ = {
			isa = PBXGroup;
			children = (
				35EDAADF1E58862600D02242 /* QTExploresCollectionViewCell.h */,
				35EDAAE01E58862600D02242 /* QTExploresCollectionViewCell.m */,
				35EDAAE21E58864100D02242 /* QTBoardsCollectionViewCell.h */,
				35EDAAE31E58864100D02242 /* QTBoardsCollectionViewCell.m */,
				35EDAAE51E58865500D02242 /* QTUsersCollectionViewCell.h */,
				35EDAAE61E58865500D02242 /* QTUsersCollectionViewCell.m */,
				35EDAAF41E588AE100D02242 /* QTCollectionView.h */,
				35EDAAF51E588AE100D02242 /* QTCollectionView.m */,
				35EDAAF71E588E9B00D02242 /* QTTableViewCell.h */,
				35EDAAF81E588E9B00D02242 /* QTTableViewCell.m */,
			);
			name = View;
			sourceTree = "<group>";
		};
		358089EC1E595F2600121F45 /* Controller */ = {
			isa = PBXGroup;
			children = (
				358089ED1E59741900121F45 /* QTTableViewController.h */,
				358089EE1E59741900121F45 /* QTTableViewController.m */,
			);
			name = Controller;
			sourceTree = "<group>";
		};
		35EDAA9D1E587A8500D02242 = {
			isa = PBXGroup;
			children = (
				35EDAAA81E587A8500D02242 /* QTTableCollectionView */,
				35EDAAC21E587A8500D02242 /* QTTableCollectionViewTests */,
				35EDAACD1E587A8500D02242 /* QTTableCollectionViewUITests */,
				35EDAAA71E587A8500D02242 /* Products */,
				884DDEAC9955426AC2C146E1 /* Pods */,
				7ED85ACEBD76DE90B906F40B /* Frameworks */,
			);
			sourceTree = "<group>";
		};
		35EDAAA71E587A8500D02242 /* Products */ = {
			isa = PBXGroup;
			children = (
				35EDAAA61E587A8500D02242 /* QTTableCollectionView.app */,
				35EDAABF1E587A8500D02242 /* QTTableCollectionViewTests.xctest */,
				35EDAACA1E587A8500D02242 /* QTTableCollectionViewUITests.xctest */,
			);
			name = Products;
			sourceTree = "<group>";
		};
		35EDAAA81E587A8500D02242 /* QTTableCollectionView */ = {
			isa = PBXGroup;
			children = (
				358089EA1E595EE300121F45 /* Model */,
				358089EB1E595F0F00121F45 /* View */,
				358089EC1E595F2600121F45 /* Controller */,
				35EDAAAC1E587A8500D02242 /* AppDelegate.h */,
				35EDAAAD1E587A8500D02242 /* AppDelegate.m */,
				35EDAAB51E587A8500D02242 /* Assets.xcassets */,
				35EDAAB71E587A8500D02242 /* LaunchScreen.storyboard */,
				35EDAABA1E587A8500D02242 /* Info.plist */,
				35EDAAA91E587A8500D02242 /* Supporting Files */,
			);
			path = QTTableCollectionView;
			sourceTree = "<group>";
		};
		35EDAAA91E587A8500D02242 /* Supporting Files */ = {
			isa = PBXGroup;
			children = (
				35EDAAAA1E587A8500D02242 /* main.m */,
			);
			name = "Supporting Files";
			sourceTree = "<group>";
		};
		35EDAAC21E587A8500D02242 /* QTTableCollectionViewTests */ = {
			isa = PBXGroup;
			children = (
				35EDAAC31E587A8500D02242 /* QTTableCollectionViewTests.m */,
				35EDAAC51E587A8500D02242 /* Info.plist */,
			);
			path = QTTableCollectionViewTests;
			sourceTree = "<group>";
		};
		35EDAACD1E587A8500D02242 /* QTTableCollectionViewUITests */ = {
			isa = PBXGroup;
			children = (
				35EDAACE1E587A8500D02242 /* QTTableCollectionViewUITests.m */,
				35EDAAD01E587A8500D02242 /* Info.plist */,
			);
			path = QTTableCollectionViewUITests;
			sourceTree = "<group>";
		};
		7ED85ACEBD76DE90B906F40B /* Frameworks */ = {
			isa = PBXGroup;
			children = (
				61D37D8E9DE0F83FFFD93EE1 /* libPods-QTTableCollectionView.a */,
			);
			name = Frameworks;
			sourceTree = "<group>";
		};
		884DDEAC9955426AC2C146E1 /* Pods */ = {
			isa = PBXGroup;
			children = (
				6B6B8DAC3EF3643911402FA7 /* Pods-QTTableCollectionView.debug.xcconfig */,
				77850E476AF6242AA6D1C06D /* Pods-QTTableCollectionView.release.xcconfig */,
			);
			name = Pods;
			sourceTree = "<group>";
		};
/* End PBXGroup section */

/* Begin PBXNativeTarget section */
		35EDAAA51E587A8500D02242 /* QTTableCollectionView */ = {
			isa = PBXNativeTarget;
			buildConfigurationList = 35EDAAD31E587A8500D02242 /* Build configuration list for PBXNativeTarget "QTTableCollectionView" */;
			buildPhases = (
				0441FCE0413660E563037287 /* Check Pods Manifest.lock */,
				35EDAAA21E587A8500D02242 /* Sources */,
				35EDAAA31E587A8500D02242 /* Frameworks */,
				35EDAAA41E587A8500D02242 /* Resources */,
				C013EC3DDDE8E92CAACD533B /* Embed Pods Frameworks */,
				475ADBE4ADE4944CC54BFF72 /* Copy Pods Resources */,
			);
			buildRules = (
			);
			dependencies = (
			);
			name = QTTableCollectionView;
			productName = QTTableCollectionView;
			productReference = 35EDAAA61E587A8500D02242 /* QTTableCollectionView.app */;
			productType = "com.apple.product-type.application";
		};
		35EDAABE1E587A8500D02242 /* QTTableCollectionViewTests */ = {
			isa = PBXNativeTarget;
			buildConfigurationList = 35EDAAD61E587A8500D02242 /* Build configuration list for PBXNativeTarget "QTTableCollectionViewTests" */;
			buildPhases = (
				35EDAABB1E587A8500D02242 /* Sources */,
				35EDAABC1E587A8500D02242 /* Frameworks */,
				35EDAABD1E587A8500D02242 /* Resources */,
			);
			buildRules = (
			);
			dependencies = (
				35EDAAC11E587A8500D02242 /* PBXTargetDependency */,
			);
			name = QTTableCollectionViewTests;
			productName = QTTableCollectionViewTests;
			productReference = 35EDAABF1E587A8500D02242 /* QTTableCollectionViewTests.xctest */;
			productType = "com.apple.product-type.bundle.unit-test";
		};
		35EDAAC91E587A8500D02242 /* QTTableCollectionViewUITests */ = {
			isa = PBXNativeTarget;
			buildConfigurationList = 35EDAAD91E587A8500D02242 /* Build configuration list for PBXNativeTarget "QTTableCollectionViewUITests" */;
			buildPhases = (
				35EDAAC61E587A8500D02242 /* Sources */,
				35EDAAC71E587A8500D02242 /* Frameworks */,
				35EDAAC81E587A8500D02242 /* Resources */,
			);
			buildRules = (
			);
			dependencies = (
				35EDAACC1E587A8500D02242 /* PBXTargetDependency */,
			);
			name = QTTableCollectionViewUITests;
			productName = QTTableCollectionViewUITests;
			productReference = 35EDAACA1E587A8500D02242 /* QTTableCollectionViewUITests.xctest */;
			productType = "com.apple.product-type.bundle.ui-testing";
		};
/* End PBXNativeTarget section */

/* Begin PBXProject section */
		35EDAA9E1E587A8500D02242 /* Project object */ = {
			isa = PBXProject;
			attributes = {
				LastUpgradeCheck = 0800;
				ORGANIZATIONNAME = Tang;
				TargetAttributes = {
					35EDAAA51E587A8500D02242 = {
						CreatedOnToolsVersion = 8.0;
						ProvisioningStyle = Automatic;
					};
					35EDAABE1E587A8500D02242 = {
						CreatedOnToolsVersion = 8.0;
						ProvisioningStyle = Automatic;
						TestTargetID = 35EDAAA51E587A8500D02242;
					};
					35EDAAC91E587A8500D02242 = {
						CreatedOnToolsVersion = 8.0;
						ProvisioningStyle = Automatic;
						TestTargetID = 35EDAAA51E587A8500D02242;
					};
				};
			};
			buildConfigurationList = 35EDAAA11E587A8500D02242 /* Build configuration list for PBXProject "QTTableCollectionView" */;
			compatibilityVersion = "Xcode 3.2";
			developmentRegion = English;
			hasScannedForEncodings = 0;
			knownRegions = (
				en,
				Base,
			);
			mainGroup = 35EDAA9D1E587A8500D02242;
			productRefGroup = 35EDAAA71E587A8500D02242 /* Products */;
			projectDirPath = "";
			projectRoot = "";
			targets = (
				35EDAAA51E587A8500D02242 /* QTTableCollectionView */,
				35EDAABE1E587A8500D02242 /* QTTableCollectionViewTests */,
				35EDAAC91E587A8500D02242 /* QTTableCollectionViewUITests */,
			);
		};
/* End PBXProject section */

/* Begin PBXResourcesBuildPhase section */
		35EDAAA41E587A8500D02242 /* Resources */ = {
			isa = PBXResourcesBuildPhase;
			buildActionMask = 2147483647;
			files = (
				35EDAAB91E587A8500D02242 /* LaunchScreen.storyboard in Resources */,
				35EDAAB61E587A8500D02242 /* Assets.xcassets in Resources */,
			);
			runOnlyForDeploymentPostprocessing = 0;
		};
		35EDAABD1E587A8500D02242 /* Resources */ = {
			isa = PBXResourcesBuildPhase;
			buildActionMask = 2147483647;
			files = (
			);
			runOnlyForDeploymentPostprocessing = 0;
		};
		35EDAAC81E587A8500D02242 /* Resources */ = {
			isa = PBXResourcesBuildPhase;
			buildActionMask = 2147483647;
			files = (
			);
			runOnlyForDeploymentPostprocessing = 0;
		};
/* End PBXResourcesBuildPhase section */

/* Begin PBXShellScriptBuildPhase section */
		0441FCE0413660E563037287 /* Check Pods Manifest.lock */ = {
			isa = PBXShellScriptBuildPhase;
			buildActionMask = 2147483647;
			files = (
			);
			inputPaths = (
			);
			name = "Check Pods Manifest.lock";
			outputPaths = (
			);
			runOnlyForDeploymentPostprocessing = 0;
			shellPath = /bin/sh;
			shellScript = "diff \"${PODS_ROOT}/../Podfile.lock\" \"${PODS_ROOT}/Manifest.lock\" > /dev/null\nif [[ $? != 0 ]] ; then\n    cat << EOM\nerror: The sandbox is not in sync with the Podfile.lock. Run 'pod install' or update your CocoaPods installation.\nEOM\n    exit 1\nfi\n";
			showEnvVarsInLog = 0;
		};
		475ADBE4ADE4944CC54BFF72 /* Copy Pods Resources */ = {
			isa = PBXShellScriptBuildPhase;
			buildActionMask = 2147483647;
			files = (
			);
			inputPaths = (
			);
			name = "Copy Pods Resources";
			outputPaths = (
			);
			runOnlyForDeploymentPostprocessing = 0;
			shellPath = /bin/sh;
			shellScript = "\"${SRCROOT}/Pods/Target Support Files/Pods-QTTableCollectionView/Pods-QTTableCollectionView-resources.sh\"\n";
			showEnvVarsInLog = 0;
		};
		C013EC3DDDE8E92CAACD533B /* Embed Pods Frameworks */ = {
			isa = PBXShellScriptBuildPhase;
			buildActionMask = 2147483647;
			files = (
			);
			inputPaths = (
			);
			name = "Embed Pods Frameworks";
			outputPaths = (
			);
			runOnlyForDeploymentPostprocessing = 0;
			shellPath = /bin/sh;
			shellScript = "\"${SRCROOT}/Pods/Target Support Files/Pods-QTTableCollectionView/Pods-QTTableCollectionView-frameworks.sh\"\n";
			showEnvVarsInLog = 0;
		};
/* End PBXShellScriptBuildPhase section */

/* Begin PBXSourcesBuildPhase section */
		35EDAAA21E587A8500D02242 /* Sources */ = {
			isa = PBXSourcesBuildPhase;
			buildActionMask = 2147483647;
			files = (
				35EDAAF01E588A7B00D02242 /* QTExploreModel.m in Sources */,
				35EDAAF31E588A8F00D02242 /* QTUserModel.m in Sources */,
				358089EF1E59741900121F45 /* QTTableViewController.m in Sources */,
				35EDAAF61E588AE100D02242 /* QTCollectionView.m in Sources */,
				35EDAAAE1E587A8500D02242 /* AppDelegate.m in Sources */,
				35EDAAE71E58865500D02242 /* QTUsersCollectionViewCell.m in Sources */,
				35EDAAFC1E588EEF00D02242 /* QTBoardModel.m in Sources */,
				35EDAAF91E588E9B00D02242 /* QTTableViewCell.m in Sources */,
				35EDAAAB1E587A8500D02242 /* main.m in Sources */,
				35EDAAE11E58862600D02242 /* QTExploresCollectionViewCell.m in Sources */,
				35EDAAE41E58864100D02242 /* QTBoardsCollectionViewCell.m in Sources */,
			);
			runOnlyForDeploymentPostprocessing = 0;
		};
		35EDAABB1E587A8500D02242 /* Sources */ = {
			isa = PBXSourcesBuildPhase;
			buildActionMask = 2147483647;
			files = (
				35EDAAC41E587A8500D02242 /* QTTableCollectionViewTests.m in Sources */,
			);
			runOnlyForDeploymentPostprocessing = 0;
		};
		35EDAAC61E587A8500D02242 /* Sources */ = {
			isa = PBXSourcesBuildPhase;
			buildActionMask = 2147483647;
			files = (
				35EDAACF1E587A8500D02242 /* QTTableCollectionViewUITests.m in Sources */,
			);
			runOnlyForDeploymentPostprocessing = 0;
		};
/* End PBXSourcesBuildPhase section */

/* Begin PBXTargetDependency section */
		35EDAAC11E587A8500D02242 /* PBXTargetDependency */ = {
			isa = PBXTargetDependency;
			target = 35EDAAA51E587A8500D02242 /* QTTableCollectionView */;
			targetProxy = 35EDAAC01E587A8500D02242 /* PBXContainerItemProxy */;
		};
		35EDAACC1E587A8500D02242 /* PBXTargetDependency */ = {
			isa = PBXTargetDependency;
			target = 35EDAAA51E587A8500D02242 /* QTTableCollectionView */;
			targetProxy = 35EDAACB1E587A8500D02242 /* PBXContainerItemProxy */;
		};
/* End PBXTargetDependency section */

/* Begin PBXVariantGroup section */
		35EDAAB71E587A8500D02242 /* LaunchScreen.storyboard */ = {
			isa = PBXVariantGroup;
			children = (
				35EDAAB81E587A8500D02242 /* Base */,
			);
			name = LaunchScreen.storyboard;
			sourceTree = "<group>";
		};
/* End PBXVariantGroup section */

/* Begin XCBuildConfiguration section */
		35EDAAD11E587A8500D02242 /* Debug */ = {
			isa = XCBuildConfiguration;
			buildSettings = {
				ALWAYS_SEARCH_USER_PATHS = NO;
				CLANG_ANALYZER_NONNULL = YES;
				CLANG_CXX_LANGUAGE_STANDARD = "gnu++0x";
				CLANG_CXX_LIBRARY = "libc++";
				CLANG_ENABLE_MODULES = YES;
				CLANG_ENABLE_OBJC_ARC = YES;
				CLANG_WARN_BOOL_CONVERSION = YES;
				CLANG_WARN_CONSTANT_CONVERSION = YES;
				CLANG_WARN_DIRECT_OBJC_ISA_USAGE = YES_ERROR;
				CLANG_WARN_DOCUMENTATION_COMMENTS = YES;
				CLANG_WARN_EMPTY_BODY = YES;
				CLANG_WARN_ENUM_CONVERSION = YES;
				CLANG_WARN_INFINITE_RECURSION = YES;
				CLANG_WARN_INT_CONVERSION = YES;
				CLANG_WARN_OBJC_ROOT_CLASS = YES_ERROR;
				CLANG_WARN_SUSPICIOUS_MOVES = YES;
				CLANG_WARN_UNREACHABLE_CODE = YES;
				CLANG_WARN__DUPLICATE_METHOD_MATCH = YES;
				"CODE_SIGN_IDENTITY[sdk=iphoneos*]" = "iPhone Developer";
				COPY_PHASE_STRIP = NO;
				DEBUG_INFORMATION_FORMAT = dwarf;
				ENABLE_STRICT_OBJC_MSGSEND = YES;
				ENABLE_TESTABILITY = YES;
				GCC_C_LANGUAGE_STANDARD = gnu99;
				GCC_DYNAMIC_NO_PIC = NO;
				GCC_NO_COMMON_BLOCKS = YES;
				GCC_OPTIMIZATION_LEVEL = 0;
				GCC_PREPROCESSOR_DEFINITIONS = (
					"DEBUG=1",
					"$(inherited)",
				);
				GCC_WARN_64_TO_32_BIT_CONVERSION = YES;
				GCC_WARN_ABOUT_RETURN_TYPE = YES_ERROR;
				GCC_WARN_UNDECLARED_SELECTOR = YES;
				GCC_WARN_UNINITIALIZED_AUTOS = YES_AGGRESSIVE;
				GCC_WARN_UNUSED_FUNCTION = YES;
				GCC_WARN_UNUSED_VARIABLE = YES;
				IPHONEOS_DEPLOYMENT_TARGET = 10.0;
				MTL_ENABLE_DEBUG_INFO = YES;
				ONLY_ACTIVE_ARCH = YES;
				SDKROOT = iphoneos;
			};
			name = Debug;
		};
		35EDAAD21E587A8500D02242 /* Release */ = {
			isa = XCBuildConfiguration;
			buildSettings = {
				ALWAYS_SEARCH_USER_PATHS = NO;
				CLANG_ANALYZER_NONNULL = YES;
				CLANG_CXX_LANGUAGE_STANDARD = "gnu++0x";
				CLANG_CXX_LIBRARY = "libc++";
				CLANG_ENABLE_MODULES = YES;
				CLANG_ENABLE_OBJC_ARC = YES;
				CLANG_WARN_BOOL_CONVERSION = YES;
				CLANG_WARN_CONSTANT_CONVERSION = YES;
				CLANG_WARN_DIRECT_OBJC_ISA_USAGE = YES_ERROR;
				CLANG_WARN_DOCUMENTATION_COMMENTS = YES;
				CLANG_WARN_EMPTY_BODY = YES;
				CLANG_WARN_ENUM_CONVERSION = YES;
				CLANG_WARN_INFINITE_RECURSION = YES;
				CLANG_WARN_INT_CONVERSION = YES;
				CLANG_WARN_OBJC_ROOT_CLASS = YES_ERROR;
				CLANG_WARN_SUSPICIOUS_MOVES = YES;
				CLANG_WARN_UNREACHABLE_CODE = YES;
				CLANG_WARN__DUPLICATE_METHOD_MATCH = YES;
				"CODE_SIGN_IDENTITY[sdk=iphoneos*]" = "iPhone Developer";
				COPY_PHASE_STRIP = NO;
				DEBUG_INFORMATION_FORMAT = "dwarf-with-dsym";
				ENABLE_NS_ASSERTIONS = NO;
				ENABLE_STRICT_OBJC_MSGSEND = YES;
				GCC_C_LANGUAGE_STANDARD = gnu99;
				GCC_NO_COMMON_BLOCKS = YES;
				GCC_WARN_64_TO_32_BIT_CONVERSION = YES;
				GCC_WARN_ABOUT_RETURN_TYPE = YES_ERROR;
				GCC_WARN_UNDECLARED_SELECTOR = YES;
				GCC_WARN_UNINITIALIZED_AUTOS = YES_AGGRESSIVE;
				GCC_WARN_UNUSED_FUNCTION = YES;
				GCC_WARN_UNUSED_VARIABLE = YES;
				IPHONEOS_DEPLOYMENT_TARGET = 10.0;
				MTL_ENABLE_DEBUG_INFO = NO;
				SDKROOT = iphoneos;
				VALIDATE_PRODUCT = YES;
			};
			name = Release;
		};
		35EDAAD41E587A8500D02242 /* Debug */ = {
			isa = XCBuildConfiguration;
			baseConfigurationReference = 6B6B8DAC3EF3643911402FA7 /* Pods-QTTableCollectionView.debug.xcconfig */;
			buildSettings = {
				ASSETCATALOG_COMPILER_APPICON_NAME = AppIcon;
				INFOPLIST_FILE = QTTableCollectionView/Info.plist;
				LD_RUNPATH_SEARCH_PATHS = "$(inherited) @executable_path/Frameworks";
				PRODUCT_BUNDLE_IDENTIFIER = me.itangqi.QTTableCollectionView;
				PRODUCT_NAME = "$(TARGET_NAME)";
			};
			name = Debug;
		};
		35EDAAD51E587A8500D02242 /* Release */ = {
			isa = XCBuildConfiguration;
			baseConfigurationReference = 77850E476AF6242AA6D1C06D /* Pods-QTTableCollectionView.release.xcconfig */;
			buildSettings = {
				ASSETCATALOG_COMPILER_APPICON_NAME = AppIcon;
				INFOPLIST_FILE = QTTableCollectionView/Info.plist;
				LD_RUNPATH_SEARCH_PATHS = "$(inherited) @executable_path/Frameworks";
				PRODUCT_BUNDLE_IDENTIFIER = me.itangqi.QTTableCollectionView;
				PRODUCT_NAME = "$(TARGET_NAME)";
			};
			name = Release;
		};
		35EDAAD71E587A8500D02242 /* Debug */ = {
			isa = XCBuildConfiguration;
			buildSettings = {
				BUNDLE_LOADER = "$(TEST_HOST)";
				INFOPLIST_FILE = QTTableCollectionViewTests/Info.plist;
				LD_RUNPATH_SEARCH_PATHS = "$(inherited) @executable_path/Frameworks @loader_path/Frameworks";
				PRODUCT_BUNDLE_IDENTIFIER = me.itangqi.QTTableCollectionViewTests;
				PRODUCT_NAME = "$(TARGET_NAME)";
				TEST_HOST = "$(BUILT_PRODUCTS_DIR)/QTTableCollectionView.app/QTTableCollectionView";
			};
			name = Debug;
		};
		35EDAAD81E587A8500D02242 /* Release */ = {
			isa = XCBuildConfiguration;
			buildSettings = {
				BUNDLE_LOADER = "$(TEST_HOST)";
				INFOPLIST_FILE = QTTableCollectionViewTests/Info.plist;
				LD_RUNPATH_SEARCH_PATHS = "$(inherited) @executable_path/Frameworks @loader_path/Frameworks";
				PRODUCT_BUNDLE_IDENTIFIER = me.itangqi.QTTableCollectionViewTests;
				PRODUCT_NAME = "$(TARGET_NAME)";
				TEST_HOST = "$(BUILT_PRODUCTS_DIR)/QTTableCollectionView.app/QTTableCollectionView";
			};
			name = Release;
		};
		35EDAADA1E587A8500D02242 /* Debug */ = {
			isa = XCBuildConfiguration;
			buildSettings = {
				INFOPLIST_FILE = QTTableCollectionViewUITests/Info.plist;
				LD_RUNPATH_SEARCH_PATHS = "$(inherited) @executable_path/Frameworks @loader_path/Frameworks";
				PRODUCT_BUNDLE_IDENTIFIER = me.itangqi.QTTableCollectionViewUITests;
				PRODUCT_NAME = "$(TARGET_NAME)";
				TEST_TARGET_NAME = QTTableCollectionView;
			};
			name = Debug;
		};
		35EDAADB1E587A8500D02242 /* Release */ = {
			isa = XCBuildConfiguration;
			buildSettings = {
				INFOPLIST_FILE = QTTableCollectionViewUITests/Info.plist;
				LD_RUNPATH_SEARCH_PATHS = "$(inherited) @executable_path/Frameworks @loader_path/Frameworks";
				PRODUCT_BUNDLE_IDENTIFIER = me.itangqi.QTTableCollectionViewUITests;
				PRODUCT_NAME = "$(TARGET_NAME)";
				TEST_TARGET_NAME = QTTableCollectionView;
			};
			name = Release;
		};
/* End XCBuildConfiguration section */

/* Begin XCConfigurationList section */
		35EDAAA11E587A8500D02242 /* Build configuration list for PBXProject "QTTableCollectionView" */ = {
			isa = XCConfigurationList;
			buildConfigurations = (
				35EDAAD11E587A8500D02242 /* Debug */,
				35EDAAD21E587A8500D02242 /* Release */,
			);
			defaultConfigurationIsVisible = 0;
			defaultConfigurationName = Release;
		};
		35EDAAD31E587A8500D02242 /* Build configuration list for PBXNativeTarget "QTTableCollectionView" */ = {
			isa = XCConfigurationList;
			buildConfigurations = (
				35EDAAD41E587A8500D02242 /* Debug */,
				35EDAAD51E587A8500D02242 /* Release */,
			);
			defaultConfigurationIsVisible = 0;
			defaultConfigurationName = Release;
		};
		35EDAAD61E587A8500D02242 /* Build configuration list for PBXNativeTarget "QTTableCollectionViewTests" */ = {
			isa = XCConfigurationList;
			buildConfigurations = (
				35EDAAD71E587A8500D02242 /* Debug */,
				35EDAAD81E587A8500D02242 /* Release */,
			);
			defaultConfigurationIsVisible = 0;
			defaultConfigurationName = Release;
		};
		35EDAAD91E587A8500D02242 /* Build configuration list for PBXNativeTarget "QTTableCollectionViewUITests" */ = {
			isa = XCConfigurationList;
			buildConfigurations = (
				35EDAADA1E587A8500D02242 /* Debug */,
				35EDAADB1E587A8500D02242 /* Release */,
			);
			defaultConfigurationIsVisible = 0;
			defaultConfigurationName = Release;
		};
/* End XCConfigurationList section */
	};
	rootObject = 35EDAA9E1E587A8500D02242 /* Project object */;
}
